
Microsoft Visual Studio Solution File, Format Version 12.00
# Visual Studio 14
VisualStudioVersion = 14.0.24720.0
MinimumVisualStudioVersion = 10.0.40219.1
Project("{8BC9CEB8-8B4A-11D0-8D11-00A0C91BC942}") = "winapi_classes", "winapi_classes\winapi_classes.vcxproj", "{03FFD7B0-C4F4-48C9-9A19-EDBBFA5F2248}"
EndProject
Project("{8BC9CEB8-8B4A-11D0-8D11-00A0C91BC942}") = "winapi_classes_testing", "winapi_classes_testing\winapi_classes_testing.vcxproj", "{828013D0-D087-4525-8065-3AC572CBE2FB}"
EndProject
Global
	GlobalSection(SolutionConfigurationPlatforms) = preSolution
		Debug|x64 = Debug|x64
		Debug|x86 = Debug|x86
		Release|x64 = Release|x64
		Release|x86 = Release|x86
	EndGlobalSection
	GlobalSection(ProjectConfigurationPlatforms) = postSolution
		{03FFD7B0-C4F4-48C9-9A19-EDBBFA5F2248}.Debug|x64.ActiveCfg = Debug|x64
		{03FFD7B0-C4F4-48C9-9A19-EDBBFA5F2248}.Debug|x64.Build.0 = Debug|x64
		{03FFD7B0-C4F4-48C9-9A19-EDBBFA5F2248}.Debug|x86.ActiveCfg = Debug|Win32
		{03FFD7B0-C4F4-48C9-9A19-EDBBFA5F2248}.Debug|x86.Build.0 = Debug|Win32
		{03FFD7B0-C4F4-48C9-9A19-EDBBFA5F2248}.Release|x64.ActiveCfg = Release|x64
		{03FFD7B0-C4F4-48C9-9A19-EDBBFA5F2248}.Release|x64.Build.0 = Release|x64
		{03FFD7B0-C4F4-48C9-9A19-EDBBFA5F2248}.Release|x86.ActiveCfg = Release|Win32
		{03FFD7B0-C4F4-48C9-9A19-EDBBFA5F2248}.Release|x86.Build.0 = Release|Win32
		{828013D0-D087-4525-8065-3AC572CBE2FB}.Debug|x64.ActiveCfg = Debug|x64
		{828013D0-D087-4525-8065-3AC572CBE2FB}.Debug|x64.Build.0 = Debug|x64
		{828013D0-D087-4525-8065-3AC572CBE2FB}.Debug|x86.ActiveCfg = Debug|Win32
		{828013D0-D087-4525-8065-3AC572CBE2FB}.Debug|x86.Build.0 = Debug|Win32
		{828013D0-D087-4525-8065-3AC572CBE2FB}.Release|x64.ActiveCfg = Release|x64
		{828013D0-D087-4525-8065-3AC572CBE2FB}.Release|x64.Build.0 = Release|x64
		{828013D0-D087-4525-8065-3AC572CBE2FB}.Release|x86.ActiveCfg = Release|Win32
		{828013D0-D087-4525-8065-3AC572CBE2FB}.Release|x86.Build.0 = Release|Win32
	EndGlobalSection
	GlobalSection(SolutionProperties) = preSolution
		HideSolutionNode = FALSE
	EndGlobalSection
EndGlobal
