
Microsoft Visual Studio Solution File, Format Version 12.00
# Visual Studio 14
VisualStudioVersion = 14.0.24720.0
MinimumVisualStudioVersion = 10.0.40219.1
Project("{8BC9CEB8-8B4A-11D0-8D11-00A0C91BC942}") = "grid_project_cpp", "grid_project_cpp\grid_project_cpp.vcxproj", "{03FFD7B0-C4F4-48C9-9A19-EDBBFA5F2248}"
EndProject
Project("{8BC9CEB8-8B4A-11D0-8D11-00A0C91BC942}") = "test_win32", "test_win32\test_win32.vcxproj", "{86391AE3-0454-42F5-B27C-4C8BCBFD9023}"
EndProject
Project("{8BC9CEB8-8B4A-11D0-8D11-00A0C91BC942}") = "test_clipping", "test_clipping\test_clipping.vcxproj", "{DD91A331-7904-499E-BAE9-6C36134E1CE7}"
EndProject
Project("{8BC9CEB8-8B4A-11D0-8D11-00A0C91BC942}") = "random_color_picker", "random_color_picker\random_color_picker.vcxproj", "{36EB2F28-578A-4D4B-9E1B-2B860CDD76C4}"
EndProject
Project("{8BC9CEB8-8B4A-11D0-8D11-00A0C91BC942}") = "test_console", "test_console\test_console.vcxproj", "{ABD93F5C-14A7-4904-BFE7-CB898655F8B5}"
EndProject
Project("{8BC9CEB8-8B4A-11D0-8D11-00A0C91BC942}") = "grid_project_cpp_testing", "grid_project_cpp_testing\grid_project_cpp_testing.vcxproj", "{828013D0-D087-4525-8065-3AC572CBE2FB}"
EndProject
Global
	GlobalSection(SolutionConfigurationPlatforms) = preSolution
		Debug|x64 = Debug|x64
		Debug|x86 = Debug|x86
		Release|x64 = Release|x64
		Release|x86 = Release|x86
	EndGlobalSection
	GlobalSection(ProjectConfigurationPlatforms) = postSolution
		{03FFD7B0-C4F4-48C9-9A19-EDBBFA5F2248}.Debug|x64.ActiveCfg = Debug|x64
		{03FFD7B0-C4F4-48C9-9A19-EDBBFA5F2248}.Debug|x64.Build.0 = Debug|x64
		{03FFD7B0-C4F4-48C9-9A19-EDBBFA5F2248}.Debug|x86.ActiveCfg = Debug|Win32
		{03FFD7B0-C4F4-48C9-9A19-EDBBFA5F2248}.Debug|x86.Build.0 = Debug|Win32
		{03FFD7B0-C4F4-48C9-9A19-EDBBFA5F2248}.Release|x64.ActiveCfg = Release|x64
		{03FFD7B0-C4F4-48C9-9A19-EDBBFA5F2248}.Release|x64.Build.0 = Release|x64
		{03FFD7B0-C4F4-48C9-9A19-EDBBFA5F2248}.Release|x86.ActiveCfg = Release|Win32
		{03FFD7B0-C4F4-48C9-9A19-EDBBFA5F2248}.Release|x86.Build.0 = Release|Win32
		{86391AE3-0454-42F5-B27C-4C8BCBFD9023}.Debug|x64.ActiveCfg = Debug|x64
		{86391AE3-0454-42F5-B27C-4C8BCBFD9023}.Debug|x64.Build.0 = Debug|x64
		{86391AE3-0454-42F5-B27C-4C8BCBFD9023}.Debug|x86.ActiveCfg = Debug|Win32
		{86391AE3-0454-42F5-B27C-4C8BCBFD9023}.Debug|x86.Build.0 = Debug|Win32
		{86391AE3-0454-42F5-B27C-4C8BCBFD9023}.Release|x64.ActiveCfg = Release|x64
		{86391AE3-0454-42F5-B27C-4C8BCBFD9023}.Release|x64.Build.0 = Release|x64
		{86391AE3-0454-42F5-B27C-4C8BCBFD9023}.Release|x86.ActiveCfg = Release|Win32
		{86391AE3-0454-42F5-B27C-4C8BCBFD9023}.Release|x86.Build.0 = Release|Win32
		{DD91A331-7904-499E-BAE9-6C36134E1CE7}.Debug|x64.ActiveCfg = Debug|x64
		{DD91A331-7904-499E-BAE9-6C36134E1CE7}.Debug|x64.Build.0 = Debug|x64
		{DD91A331-7904-499E-BAE9-6C36134E1CE7}.Debug|x86.ActiveCfg = Debug|Win32
		{DD91A331-7904-499E-BAE9-6C36134E1CE7}.Debug|x86.Build.0 = Debug|Win32
		{DD91A331-7904-499E-BAE9-6C36134E1CE7}.Release|x64.ActiveCfg = Release|x64
		{DD91A331-7904-499E-BAE9-6C36134E1CE7}.Release|x64.Build.0 = Release|x64
		{DD91A331-7904-499E-BAE9-6C36134E1CE7}.Release|x86.ActiveCfg = Release|Win32
		{DD91A331-7904-499E-BAE9-6C36134E1CE7}.Release|x86.Build.0 = Release|Win32
		{36EB2F28-578A-4D4B-9E1B-2B860CDD76C4}.Debug|x64.ActiveCfg = Debug|x64
		{36EB2F28-578A-4D4B-9E1B-2B860CDD76C4}.Debug|x64.Build.0 = Debug|x64
		{36EB2F28-578A-4D4B-9E1B-2B860CDD76C4}.Debug|x86.ActiveCfg = Debug|Win32
		{36EB2F28-578A-4D4B-9E1B-2B860CDD76C4}.Debug|x86.Build.0 = Debug|Win32
		{36EB2F28-578A-4D4B-9E1B-2B860CDD76C4}.Release|x64.ActiveCfg = Release|x64
		{36EB2F28-578A-4D4B-9E1B-2B860CDD76C4}.Release|x64.Build.0 = Release|x64
		{36EB2F28-578A-4D4B-9E1B-2B860CDD76C4}.Release|x86.ActiveCfg = Release|Win32
		{36EB2F28-578A-4D4B-9E1B-2B860CDD76C4}.Release|x86.Build.0 = Release|Win32
		{ABD93F5C-14A7-4904-BFE7-CB898655F8B5}.Debug|x64.ActiveCfg = Debug|x64
		{ABD93F5C-14A7-4904-BFE7-CB898655F8B5}.Debug|x64.Build.0 = Debug|x64
		{ABD93F5C-14A7-4904-BFE7-CB898655F8B5}.Debug|x86.ActiveCfg = Debug|Win32
		{ABD93F5C-14A7-4904-BFE7-CB898655F8B5}.Debug|x86.Build.0 = Debug|Win32
		{ABD93F5C-14A7-4904-BFE7-CB898655F8B5}.Release|x64.ActiveCfg = Release|x64
		{ABD93F5C-14A7-4904-BFE7-CB898655F8B5}.Release|x64.Build.0 = Release|x64
		{ABD93F5C-14A7-4904-BFE7-CB898655F8B5}.Release|x86.ActiveCfg = Release|Win32
		{ABD93F5C-14A7-4904-BFE7-CB898655F8B5}.Release|x86.Build.0 = Release|Win32
		{828013D0-D087-4525-8065-3AC572CBE2FB}.Debug|x64.ActiveCfg = Debug|x64
		{828013D0-D087-4525-8065-3AC572CBE2FB}.Debug|x64.Build.0 = Debug|x64
		{828013D0-D087-4525-8065-3AC572CBE2FB}.Debug|x86.ActiveCfg = Debug|Win32
		{828013D0-D087-4525-8065-3AC572CBE2FB}.Debug|x86.Build.0 = Debug|Win32
		{828013D0-D087-4525-8065-3AC572CBE2FB}.Release|x64.ActiveCfg = Release|x64
		{828013D0-D087-4525-8065-3AC572CBE2FB}.Release|x64.Build.0 = Release|x64
		{828013D0-D087-4525-8065-3AC572CBE2FB}.Release|x86.ActiveCfg = Release|Win32
		{828013D0-D087-4525-8065-3AC572CBE2FB}.Release|x86.Build.0 = Release|Win32
	EndGlobalSection
	GlobalSection(SolutionProperties) = preSolution
		HideSolutionNode = FALSE
	EndGlobalSection
EndGlobal
